{
  "_readme": [
    "This file is generated manually for FOSSEE submission",
    "No external PHP dependencies are required"
  ],
  "content-hash": "manual",
  "packages": [],
  "packages-dev": [],
  "aliases": [],
  "minimum-stability": "stable",
  "stability-flags": {},
  "prefer-stable": true,
  "prefer-lowest": false,
  "platform": {}
}
